
Microsoft Visual Studio Solution File, Format Version 12.00
# Visual Studio Version 16
VisualStudioVersion = 16.0.29418.71
MinimumVisualStudioVersion = 10.0.40219.1
Project("{9A19103F-16F7-4668-BE54-9A1E7A4F7556}") = "ForumZ.Api", "ForumZ.Api\ForumZ.Api.csproj", "{395C3F91-867D-4F36-BA93-FE6846C9BE4C}"
EndProject
Project("{9A19103F-16F7-4668-BE54-9A1E7A4F7556}") = "ForumZ.Domain", "ForumZ.Domain\ForumZ.Domain.csproj", "{ED99206C-B9AA-42D6-8845-3553234C1C1C}"
EndProject
Project("{9A19103F-16F7-4668-BE54-9A1E7A4F7556}") = "ForumZ.Infraestructure", "ForumZ.Infraestructure\ForumZ.Infraestructure.csproj", "{47BFA4B3-BB28-4544-ABDE-3D3068B73B85}"
EndProject
Project("{2150E333-8FDC-42A3-9474-1A3956D46DE8}") = "src", "src", "{1DB09031-4977-4020-B3B5-A01E74DD0F27}"
EndProject
Project("{2150E333-8FDC-42A3-9474-1A3956D46DE8}") = "Building Blocks", "Building Blocks", "{10892261-7776-4FE6-9904-F70E622A943A}"
EndProject
Project("{2150E333-8FDC-42A3-9474-1A3956D46DE8}") = "Services", "Services", "{63715B39-8411-41DB-A6F8-6ED64986CD2F}"
EndProject
Project("{2150E333-8FDC-42A3-9474-1A3956D46DE8}") = "Web", "Web", "{9039E960-440A-4D0C-9AA1-C74EC781681E}"
EndProject
Project("{2150E333-8FDC-42A3-9474-1A3956D46DE8}") = "MVC", "MVC", "{C9509660-9F03-4C4D-8A62-54231CA09E01}"
EndProject
Project("{FAE04EC0-301F-11D3-BF4B-00C04F79EFBC}") = "ForumZ.WebApp.MVC", "ForumZ.WebApp.MVC\ForumZ.WebApp.MVC.csproj", "{4AED658E-2304-4FDC-85D2-D0D071BABC77}"
EndProject
Global
	GlobalSection(SolutionConfigurationPlatforms) = preSolution
		Debug|Any CPU = Debug|Any CPU
		Release|Any CPU = Release|Any CPU
	EndGlobalSection
	GlobalSection(ProjectConfigurationPlatforms) = postSolution
		{395C3F91-867D-4F36-BA93-FE6846C9BE4C}.Debug|Any CPU.ActiveCfg = Debug|Any CPU
		{395C3F91-867D-4F36-BA93-FE6846C9BE4C}.Debug|Any CPU.Build.0 = Debug|Any CPU
		{395C3F91-867D-4F36-BA93-FE6846C9BE4C}.Release|Any CPU.ActiveCfg = Release|Any CPU
		{395C3F91-867D-4F36-BA93-FE6846C9BE4C}.Release|Any CPU.Build.0 = Release|Any CPU
		{ED99206C-B9AA-42D6-8845-3553234C1C1C}.Debug|Any CPU.ActiveCfg = Debug|Any CPU
		{ED99206C-B9AA-42D6-8845-3553234C1C1C}.Debug|Any CPU.Build.0 = Debug|Any CPU
		{ED99206C-B9AA-42D6-8845-3553234C1C1C}.Release|Any CPU.ActiveCfg = Release|Any CPU
		{ED99206C-B9AA-42D6-8845-3553234C1C1C}.Release|Any CPU.Build.0 = Release|Any CPU
		{47BFA4B3-BB28-4544-ABDE-3D3068B73B85}.Debug|Any CPU.ActiveCfg = Debug|Any CPU
		{47BFA4B3-BB28-4544-ABDE-3D3068B73B85}.Debug|Any CPU.Build.0 = Debug|Any CPU
		{47BFA4B3-BB28-4544-ABDE-3D3068B73B85}.Release|Any CPU.ActiveCfg = Release|Any CPU
		{47BFA4B3-BB28-4544-ABDE-3D3068B73B85}.Release|Any CPU.Build.0 = Release|Any CPU
		{4AED658E-2304-4FDC-85D2-D0D071BABC77}.Debug|Any CPU.ActiveCfg = Debug|Any CPU
		{4AED658E-2304-4FDC-85D2-D0D071BABC77}.Debug|Any CPU.Build.0 = Debug|Any CPU
		{4AED658E-2304-4FDC-85D2-D0D071BABC77}.Release|Any CPU.ActiveCfg = Release|Any CPU
		{4AED658E-2304-4FDC-85D2-D0D071BABC77}.Release|Any CPU.Build.0 = Release|Any CPU
	EndGlobalSection
	GlobalSection(SolutionProperties) = preSolution
		HideSolutionNode = FALSE
	EndGlobalSection
	GlobalSection(NestedProjects) = preSolution
		{10892261-7776-4FE6-9904-F70E622A943A} = {1DB09031-4977-4020-B3B5-A01E74DD0F27}
		{63715B39-8411-41DB-A6F8-6ED64986CD2F} = {1DB09031-4977-4020-B3B5-A01E74DD0F27}
		{9039E960-440A-4D0C-9AA1-C74EC781681E} = {1DB09031-4977-4020-B3B5-A01E74DD0F27}
		{C9509660-9F03-4C4D-8A62-54231CA09E01} = {9039E960-440A-4D0C-9AA1-C74EC781681E}
		{4AED658E-2304-4FDC-85D2-D0D071BABC77} = {C9509660-9F03-4C4D-8A62-54231CA09E01}
	EndGlobalSection
	GlobalSection(ExtensibilityGlobals) = postSolution
		SolutionGuid = {21799B70-18B3-4AB0-AA95-7D497649FFCC}
	EndGlobalSection
EndGlobal
